
Microsoft Visual Studio Solution File, Format Version 12.00
# Visual Studio Version 16
VisualStudioVersion = 16.0.29709.97
MinimumVisualStudioVersion = 10.0.40219.1
Project("{9A19103F-16F7-4668-BE54-9A1E7A4F7556}") = "Task1", "Task1\Task1.csproj", "{9BAD424A-05B8-4BD8-BA83-DD78DD79BE44}"
EndProject
Project("{9A19103F-16F7-4668-BE54-9A1E7A4F7556}") = "Tasks3", "Tasks3\Tasks3.csproj", "{4FDC8FE0-3483-484B-B427-081067FEE02E}"
EndProject
Project("{9A19103F-16F7-4668-BE54-9A1E7A4F7556}") = "Tasks2", "Tasks2\Tasks2.csproj", "{B8C52B2D-5CEC-407E-B4C4-E035B046193D}"
EndProject
Project("{9A19103F-16F7-4668-BE54-9A1E7A4F7556}") = "Tasks4", "Tasks4\Tasks4.csproj", "{537486DA-5E84-4DC0-BAFD-B9A6F89E297B}"
EndProject
Project("{9A19103F-16F7-4668-BE54-9A1E7A4F7556}") = "Tasks5", "Tasks5\Tasks5.csproj", "{8178D8E2-DED4-4243-9723-8F99FEC23E91}"
EndProject
Project("{9A19103F-16F7-4668-BE54-9A1E7A4F7556}") = "TheBestLib", "TheBestLib\TheBestLib.csproj", "{1EAD26B6-68DB-4441-86A8-D6A2A3C064C3}"
EndProject
Project("{9A19103F-16F7-4668-BE54-9A1E7A4F7556}") = "Tasks6", "Tasks6\Tasks6.csproj", "{B4639364-95A4-4C6A-8FAD-4991AE67012A}"
EndProject
Project("{FAE04EC0-301F-11D3-BF4B-00C04F79EFBC}") = "Tasks7", "Tasks7\Tasks7.csproj", "{5426A633-B532-416E-B5EE-306CA9C8F50B}"
EndProject
Global
	GlobalSection(SolutionConfigurationPlatforms) = preSolution
		Debug|Any CPU = Debug|Any CPU
		Release|Any CPU = Release|Any CPU
	EndGlobalSection
	GlobalSection(ProjectConfigurationPlatforms) = postSolution
		{9BAD424A-05B8-4BD8-BA83-DD78DD79BE44}.Debug|Any CPU.ActiveCfg = Debug|Any CPU
		{9BAD424A-05B8-4BD8-BA83-DD78DD79BE44}.Debug|Any CPU.Build.0 = Debug|Any CPU
		{9BAD424A-05B8-4BD8-BA83-DD78DD79BE44}.Release|Any CPU.ActiveCfg = Release|Any CPU
		{9BAD424A-05B8-4BD8-BA83-DD78DD79BE44}.Release|Any CPU.Build.0 = Release|Any CPU
		{4FDC8FE0-3483-484B-B427-081067FEE02E}.Debug|Any CPU.ActiveCfg = Debug|Any CPU
		{4FDC8FE0-3483-484B-B427-081067FEE02E}.Debug|Any CPU.Build.0 = Debug|Any CPU
		{4FDC8FE0-3483-484B-B427-081067FEE02E}.Release|Any CPU.ActiveCfg = Release|Any CPU
		{4FDC8FE0-3483-484B-B427-081067FEE02E}.Release|Any CPU.Build.0 = Release|Any CPU
		{B8C52B2D-5CEC-407E-B4C4-E035B046193D}.Debug|Any CPU.ActiveCfg = Debug|Any CPU
		{B8C52B2D-5CEC-407E-B4C4-E035B046193D}.Debug|Any CPU.Build.0 = Debug|Any CPU
		{B8C52B2D-5CEC-407E-B4C4-E035B046193D}.Release|Any CPU.ActiveCfg = Release|Any CPU
		{B8C52B2D-5CEC-407E-B4C4-E035B046193D}.Release|Any CPU.Build.0 = Release|Any CPU
		{537486DA-5E84-4DC0-BAFD-B9A6F89E297B}.Debug|Any CPU.ActiveCfg = Debug|Any CPU
		{537486DA-5E84-4DC0-BAFD-B9A6F89E297B}.Debug|Any CPU.Build.0 = Debug|Any CPU
		{537486DA-5E84-4DC0-BAFD-B9A6F89E297B}.Release|Any CPU.ActiveCfg = Release|Any CPU
		{537486DA-5E84-4DC0-BAFD-B9A6F89E297B}.Release|Any CPU.Build.0 = Release|Any CPU
		{8178D8E2-DED4-4243-9723-8F99FEC23E91}.Debug|Any CPU.ActiveCfg = Debug|Any CPU
		{8178D8E2-DED4-4243-9723-8F99FEC23E91}.Debug|Any CPU.Build.0 = Debug|Any CPU
		{8178D8E2-DED4-4243-9723-8F99FEC23E91}.Release|Any CPU.ActiveCfg = Release|Any CPU
		{8178D8E2-DED4-4243-9723-8F99FEC23E91}.Release|Any CPU.Build.0 = Release|Any CPU
		{1EAD26B6-68DB-4441-86A8-D6A2A3C064C3}.Debug|Any CPU.ActiveCfg = Debug|Any CPU
		{1EAD26B6-68DB-4441-86A8-D6A2A3C064C3}.Debug|Any CPU.Build.0 = Debug|Any CPU
		{1EAD26B6-68DB-4441-86A8-D6A2A3C064C3}.Release|Any CPU.ActiveCfg = Release|Any CPU
		{1EAD26B6-68DB-4441-86A8-D6A2A3C064C3}.Release|Any CPU.Build.0 = Release|Any CPU
		{B4639364-95A4-4C6A-8FAD-4991AE67012A}.Debug|Any CPU.ActiveCfg = Debug|Any CPU
		{B4639364-95A4-4C6A-8FAD-4991AE67012A}.Debug|Any CPU.Build.0 = Debug|Any CPU
		{B4639364-95A4-4C6A-8FAD-4991AE67012A}.Release|Any CPU.ActiveCfg = Release|Any CPU
		{B4639364-95A4-4C6A-8FAD-4991AE67012A}.Release|Any CPU.Build.0 = Release|Any CPU
		{5426A633-B532-416E-B5EE-306CA9C8F50B}.Debug|Any CPU.ActiveCfg = Debug|Any CPU
		{5426A633-B532-416E-B5EE-306CA9C8F50B}.Debug|Any CPU.Build.0 = Debug|Any CPU
		{5426A633-B532-416E-B5EE-306CA9C8F50B}.Release|Any CPU.ActiveCfg = Release|Any CPU
		{5426A633-B532-416E-B5EE-306CA9C8F50B}.Release|Any CPU.Build.0 = Release|Any CPU
	EndGlobalSection
	GlobalSection(SolutionProperties) = preSolution
		HideSolutionNode = FALSE
	EndGlobalSection
	GlobalSection(ExtensibilityGlobals) = postSolution
		SolutionGuid = {4392F9F9-4AD1-4292-B4F3-6095D8A298C1}
	EndGlobalSection
EndGlobal
